# This file is autogenerated, do not edit; changes may be undone by the next 'dep ensure'.


[[projects]]
  branch = "master"
  name = "github.com/benbjohnson/clock"
  packages = ["."]
  revision = "7dc76406b6d3c05b5f71a86293cbcf3c4ea03b19"

[[projects]]
  branch = "master"
  name = "rsc.io/qr"
  packages = [
    ".",
    "coding",
    "gf256"
  ]
  revision = "48b2ede4844e13f1a2b7ce4d2529c9af7e359fc5"

[solve-meta]
  analyzer-name = "dep"
  analyzer-version = 1
  inputs-digest = "6f47334a8fcf2bb48e739e6181089e02bce6cc4d68888be311df3827db96f8ae"
  solver-name = "gps-cdcl"
  solver-version = 1
